
Microsoft Visual Studio Solution File, Format Version 12.00
# Visual Studio Version 16
VisualStudioVersion = 25.0.1703.8
MinimumVisualStudioVersion = 10.0.40219.1
Project("{FAE04EC0-301F-11D3-BF4B-00C04F79EFBC}") = "CRUD-Person", "CRUD-Person\CRUD-Person.csproj", "{B9CE9B19-4F81-4D43-A418-0AD215891B6C}"
EndProject
Global
	GlobalSection(SolutionConfigurationPlatforms) = preSolution
		Debug|Any CPU = Debug|Any CPU
		Release|Any CPU = Release|Any CPU
	EndGlobalSection
	GlobalSection(ProjectConfigurationPlatforms) = postSolution
		{B9CE9B19-4F81-4D43-A418-0AD215891B6C}.Debug|Any CPU.ActiveCfg = Debug|Any CPU
		{B9CE9B19-4F81-4D43-A418-0AD215891B6C}.Debug|Any CPU.Build.0 = Debug|Any CPU
		{B9CE9B19-4F81-4D43-A418-0AD215891B6C}.Release|Any CPU.ActiveCfg = Release|Any CPU
		{B9CE9B19-4F81-4D43-A418-0AD215891B6C}.Release|Any CPU.Build.0 = Release|Any CPU
	EndGlobalSection
	GlobalSection(SolutionProperties) = preSolution
		HideSolutionNode = FALSE
	EndGlobalSection
	GlobalSection(ExtensibilityGlobals) = postSolution
		SolutionGuid = {4BA1FDBE-AA57-467E-AFDE-E4C5880D11D8}
	EndGlobalSection
EndGlobal
